<?xml version="1.0" encoding="UTF-8" standalone="yes" ?>
<CodeBlocks_project_file>
	<FileVersion major="1" minor="6" />
	<Project>
		<Option title="SerialCore_x64" />
		<Option pch_mode="2" />
		<Option compiler="tdm-gcc_64_bit" />
		<Build>
			<Target title="default">
				<Option output="../SerialCore_x64" prefix_auto="0" extension_auto="1" />
				<Option working_dir="" />
				<Option object_output="objs" />
				<Option type="2" />
				<Option compiler="tdm-gcc_64_bit" />
				<Option createDefFile="1" />
			</Target>
		</Build>
		<Unit filename="Serial.cpp" />
		<Unit filename="Serial.h" />
		<Unit filename="SerialEx.cpp" />
		<Unit filename="SerialEx.h" />
		<Unit filename="SerialMFC.h" />
		<Unit filename="SerialWnd.cpp" />
		<Unit filename="SerialWnd.h" />
		<Extensions>
			<code_completion />
			<envvars />
			<debugger />
			<lib_finder disable_auto="1" />
		</Extensions>
	</Project>
</CodeBlocks_project_file>
